// !$*UTF8*$!
{
	archiveVersion = 1;
	classes = {
	};
	objectVersion = 46;
	objects = {

/* Begin PBXBuildFile section */
		A892A81F1C15345200A24C9E /* main.m in Sources */ = {isa = PBXBuildFile; fileRef = A892A81E1C15345200A24C9E /* main.m */; };
		A892A8221C15345200A24C9E /* AppDelegate.m in Sources */ = {isa = PBXBuildFile; fileRef = A892A8211C15345200A24C9E /* AppDelegate.m */; };
		A892A8251C15345200A24C9E /* ViewController.m in Sources */ = {isa = PBXBuildFile; fileRef = A892A8241C15345200A24C9E /* ViewController.m */; };
		A892A8281C15345200A24C9E /* Main.storyboard in Resources */ = {isa = PBXBuildFile; fileRef = A892A8261C15345200A24C9E /* Main.storyboard */; };
		A892A82A1C15345200A24C9E /* Assets.xcassets in Resources */ = {isa = PBXBuildFile; fileRef = A892A8291C15345200A24C9E /* Assets.xcassets */; };
		A892A82D1C15345200A24C9E /* LaunchScreen.storyboard in Resources */ = {isa = PBXBuildFile; fileRef = A892A82B1C15345200A24C9E /* LaunchScreen.storyboard */; };
		A892A8381C15345300A24C9E /* Null___Tests.m in Sources */ = {isa = PBXBuildFile; fileRef = A892A8371C15345300A24C9E /* Null___Tests.m */; };
		A892A8431C15345300A24C9E /* Null___UITests.m in Sources */ = {isa = PBXBuildFile; fileRef = A892A8421C15345300A24C9E /* Null___UITests.m */; };
/* End PBXBuildFile section */

/* Begin PBXContainerItemProxy section */
		A892A8341C15345300A24C9E /* PBXContainerItemProxy */ = {
			isa = PBXContainerItemProxy;
			containerPortal = A892A8121C15345200A24C9E /* Project object */;
			proxyType = 1;
			remoteGlobalIDString = A892A8191C15345200A24C9E;
			remoteInfo = "Null的区别";
		};
		A892A83F1C15345300A24C9E /* PBXContainerItemProxy */ = {
			isa = PBXContainerItemProxy;
			containerPortal = A892A8121C15345200A24C9E /* Project object */;
			proxyType = 1;
			remoteGlobalIDString = A892A8191C15345200A24C9E;
			remoteInfo = "Null的区别";
		};
/* End PBXContainerItemProxy section */

/* Begin PBXFileReference section */
		A892A81A1C15345200A24C9E /* Null的区别.app */ = {isa = PBXFileReference; explicitFileType = wrapper.application; includeInIndex = 0; path = "Null的区别.app"; sourceTree = BUILT_PRODUCTS_DIR; };
		A892A81E1C15345200A24C9E /* main.m */ = {isa = PBXFileReference; lastKnownFileType = sourcecode.c.objc; path = main.m; sourceTree = "<group>"; };
		A892A8201C15345200A24C9E /* AppDelegate.h */ = {isa = PBXFileReference; lastKnownFileType = sourcecode.c.h; path = AppDelegate.h; sourceTree = "<group>"; };
		A892A8211C15345200A24C9E /* AppDelegate.m */ = {isa = PBXFileReference; lastKnownFileType = sourcecode.c.objc; path = AppDelegate.m; sourceTree = "<group>"; };
		A892A8231C15345200A24C9E /* ViewController.h */ = {isa = PBXFileReference; lastKnownFileType = sourcecode.c.h; path = ViewController.h; sourceTree = "<group>"; };
		A892A8241C15345200A24C9E /* ViewController.m */ = {isa = PBXFileReference; lastKnownFileType = sourcecode.c.objc; path = ViewController.m; sourceTree = "<group>"; };
		A892A8271C15345200A24C9E /* Base */ = {isa = PBXFileReference; lastKnownFileType = file.storyboard; name = Base; path = Base.lproj/Main.storyboard; sourceTree = "<group>"; };
		A892A8291C15345200A24C9E /* Assets.xcassets */ = {isa = PBXFileReference; lastKnownFileType = folder.assetcatalog; path = Assets.xcassets; sourceTree = "<group>"; };
		A892A82C1C15345200A24C9E /* Base */ = {isa = PBXFileReference; lastKnownFileType = file.storyboard; name = Base; path = Base.lproj/LaunchScreen.storyboard; sourceTree = "<group>"; };
		A892A82E1C15345200A24C9E /* Info.plist */ = {isa = PBXFileReference; lastKnownFileType = text.plist.xml; path = Info.plist; sourceTree = "<group>"; };
		A892A8331C15345300A24C9E /* Null的区别Tests.xctest */ = {isa = PBXFileReference; explicitFileType = wrapper.cfbundle; includeInIndex = 0; path = "Null的区别Tests.xctest"; sourceTree = BUILT_PRODUCTS_DIR; };
		A892A8371C15345300A24C9E /* Null___Tests.m */ = {isa = PBXFileReference; lastKnownFileType = sourcecode.c.objc; path = "Null___Tests.m"; sourceTree = "<group>"; };
		A892A8391C15345300A24C9E /* Info.plist */ = {isa = PBXFileReference; lastKnownFileType = text.plist.xml; path = Info.plist; sourceTree = "<group>"; };
		A892A83E1C15345300A24C9E /* Null的区别UITests.xctest */ = {isa = PBXFileReference; explicitFileType = wrapper.cfbundle; includeInIndex = 0; path = "Null的区别UITests.xctest"; sourceTree = BUILT_PRODUCTS_DIR; };
		A892A8421C15345300A24C9E /* Null___UITests.m */ = {isa = PBXFileReference; lastKnownFileType = sourcecode.c.objc; path = "Null___UITests.m"; sourceTree = "<group>"; };
		A892A8441C15345300A24C9E /* Info.plist */ = {isa = PBXFileReference; lastKnownFileType = text.plist.xml; path = Info.plist; sourceTree = "<group>"; };
/* End PBXFileReference section */

/* Begin PBXFrameworksBuildPhase section */
		A892A8171C15345200A24C9E /* Frameworks */ = {
			isa = PBXFrameworksBuildPhase;
			buildActionMask = 2147483647;
			files = (
			);
			runOnlyForDeploymentPostprocessing = 0;
		};
		A892A8301C15345300A24C9E /* Frameworks */ = {
			isa = PBXFrameworksBuildPhase;
			buildActionMask = 2147483647;
			files = (
			);
			runOnlyForDeploymentPostprocessing = 0;
		};
		A892A83B1C15345300A24C9E /* Frameworks */ = {
			isa = PBXFrameworksBuildPhase;
			buildActionMask = 2147483647;
			files = (
			);
			runOnlyForDeploymentPostprocessing = 0;
		};
/* End PBXFrameworksBuildPhase section */

/* Begin PBXGroup section */
		A892A8111C15345200A24C9E = {
			isa = PBXGroup;
			children = (
				A892A81C1C15345200A24C9E /* Null的区别 */,
				A892A8361C15345300A24C9E /* Null的区别Tests */,
				A892A8411C15345300A24C9E /* Null的区别UITests */,
				A892A81B1C15345200A24C9E /* Products */,
			);
			sourceTree = "<group>";
		};
		A892A81B1C15345200A24C9E /* Products */ = {
			isa = PBXGroup;
			children = (
				A892A81A1C15345200A24C9E /* Null的区别.app */,
				A892A8331C15345300A24C9E /* Null的区别Tests.xctest */,
				A892A83E1C15345300A24C9E /* Null的区别UITests.xctest */,
			);
			name = Products;
			sourceTree = "<group>";
		};
		A892A81C1C15345200A24C9E /* Null的区别 */ = {
			isa = PBXGroup;
			children = (
				A892A8201C15345200A24C9E /* AppDelegate.h */,
				A892A8211C15345200A24C9E /* AppDelegate.m */,
				A892A8231C15345200A24C9E /* ViewController.h */,
				A892A8241C15345200A24C9E /* ViewController.m */,
				A892A8261C15345200A24C9E /* Main.storyboard */,
				A892A8291C15345200A24C9E /* Assets.xcassets */,
				A892A82B1C15345200A24C9E /* LaunchScreen.storyboard */,
				A892A82E1C15345200A24C9E /* Info.plist */,
				A892A81D1C15345200A24C9E /* Supporting Files */,
			);
			path = "Null的区别";
			sourceTree = "<group>";
		};
		A892A81D1C15345200A24C9E /* Supporting Files */ = {
			isa = PBXGroup;
			children = (
				A892A81E1C15345200A24C9E /* main.m */,
			);
			name = "Supporting Files";
			sourceTree = "<group>";
		};
		A892A8361C15345300A24C9E /* Null的区别Tests */ = {
			isa = PBXGroup;
			children = (
				A892A8371C15345300A24C9E /* Null___Tests.m */,
				A892A8391C15345300A24C9E /* Info.plist */,
			);
			path = "Null的区别Tests";
			sourceTree = "<group>";
		};
		A892A8411C15345300A24C9E /* Null的区别UITests */ = {
			isa = PBXGroup;
			children = (
				A892A8421C15345300A24C9E /* Null___UITests.m */,
				A892A8441C15345300A24C9E /* Info.plist */,
			);
			path = "Null的区别UITests";
			sourceTree = "<group>";
		};
/* End PBXGroup section */

/* Begin PBXNativeTarget section */
		A892A8191C15345200A24C9E /* Null的区别 */ = {
			isa = PBXNativeTarget;
			buildConfigurationList = A892A8471C15345300A24C9E /* Build configuration list for PBXNativeTarget "Null的区别" */;
			buildPhases = (
				A892A8161C15345200A24C9E /* Sources */,
				A892A8171C15345200A24C9E /* Frameworks */,
				A892A8181C15345200A24C9E /* Resources */,
			);
			buildRules = (
			);
			dependencies = (
			);
			name = "Null的区别";
			productName = "Null的区别";
			productReference = A892A81A1C15345200A24C9E /* Null的区别.app */;
			productType = "com.apple.product-type.application";
		};
		A892A8321C15345300A24C9E /* Null的区别Tests */ = {
			isa = PBXNativeTarget;
			buildConfigurationList = A892A84A1C15345300A24C9E /* Build configuration list for PBXNativeTarget "Null的区别Tests" */;
			buildPhases = (
				A892A82F1C15345300A24C9E /* Sources */,
				A892A8301C15345300A24C9E /* Frameworks */,
				A892A8311C15345300A24C9E /* Resources */,
			);
			buildRules = (
			);
			dependencies = (
				A892A8351C15345300A24C9E /* PBXTargetDependency */,
			);
			name = "Null的区别Tests";
			productName = "Null的区别Tests";
			productReference = A892A8331C15345300A24C9E /* Null的区别Tests.xctest */;
			productType = "com.apple.product-type.bundle.unit-test";
		};
		A892A83D1C15345300A24C9E /* Null的区别UITests */ = {
			isa = PBXNativeTarget;
			buildConfigurationList = A892A84D1C15345300A24C9E /* Build configuration list for PBXNativeTarget "Null的区别UITests" */;
			buildPhases = (
				A892A83A1C15345300A24C9E /* Sources */,
				A892A83B1C15345300A24C9E /* Frameworks */,
				A892A83C1C15345300A24C9E /* Resources */,
			);
			buildRules = (
			);
			dependencies = (
				A892A8401C15345300A24C9E /* PBXTargetDependency */,
			);
			name = "Null的区别UITests";
			productName = "Null的区别UITests";
			productReference = A892A83E1C15345300A24C9E /* Null的区别UITests.xctest */;
			productType = "com.apple.product-type.bundle.ui-testing";
		};
/* End PBXNativeTarget section */

/* Begin PBXProject section */
		A892A8121C15345200A24C9E /* Project object */ = {
			isa = PBXProject;
			attributes = {
				LastUpgradeCheck = 0710;
				ORGANIZATIONNAME = wenjl;
				TargetAttributes = {
					A892A8191C15345200A24C9E = {
						CreatedOnToolsVersion = 7.1;
					};
					A892A8321C15345300A24C9E = {
						CreatedOnToolsVersion = 7.1;
						TestTargetID = A892A8191C15345200A24C9E;
					};
					A892A83D1C15345300A24C9E = {
						CreatedOnToolsVersion = 7.1;
						TestTargetID = A892A8191C15345200A24C9E;
					};
				};
			};
			buildConfigurationList = A892A8151C15345200A24C9E /* Build configuration list for PBXProject "Null的区别" */;
			compatibilityVersion = "Xcode 3.2";
			developmentRegion = English;
			hasScannedForEncodings = 0;
			knownRegions = (
				en,
				Base,
			);
			mainGroup = A892A8111C15345200A24C9E;
			productRefGroup = A892A81B1C15345200A24C9E /* Products */;
			projectDirPath = "";
			projectRoot = "";
			targets = (
				A892A8191C15345200A24C9E /* Null的区别 */,
				A892A8321C15345300A24C9E /* Null的区别Tests */,
				A892A83D1C15345300A24C9E /* Null的区别UITests */,
			);
		};
/* End PBXProject section */

/* Begin PBXResourcesBuildPhase section */
		A892A8181C15345200A24C9E /* Resources */ = {
			isa = PBXResourcesBuildPhase;
			buildActionMask = 2147483647;
			files = (
				A892A82D1C15345200A24C9E /* LaunchScreen.storyboard in Resources */,
				A892A82A1C15345200A24C9E /* Assets.xcassets in Resources */,
				A892A8281C15345200A24C9E /* Main.storyboard in Resources */,
			);
			runOnlyForDeploymentPostprocessing = 0;
		};
		A892A8311C15345300A24C9E /* Resources */ = {
			isa = PBXResourcesBuildPhase;
			buildActionMask = 2147483647;
			files = (
			);
			runOnlyForDeploymentPostprocessing = 0;
		};
		A892A83C1C15345300A24C9E /* Resources */ = {
			isa = PBXResourcesBuildPhase;
			buildActionMask = 2147483647;
			files = (
			);
			runOnlyForDeploymentPostprocessing = 0;
		};
/* End PBXResourcesBuildPhase section */

/* Begin PBXSourcesBuildPhase section */
		A892A8161C15345200A24C9E /* Sources */ = {
			isa = PBXSourcesBuildPhase;
			buildActionMask = 2147483647;
			files = (
				A892A8251C15345200A24C9E /* ViewController.m in Sources */,
				A892A8221C15345200A24C9E /* AppDelegate.m in Sources */,
				A892A81F1C15345200A24C9E /* main.m in Sources */,
			);
			runOnlyForDeploymentPostprocessing = 0;
		};
		A892A82F1C15345300A24C9E /* Sources */ = {
			isa = PBXSourcesBuildPhase;
			buildActionMask = 2147483647;
			files = (
				A892A8381C15345300A24C9E /* Null___Tests.m in Sources */,
			);
			runOnlyForDeploymentPostprocessing = 0;
		};
		A892A83A1C15345300A24C9E /* Sources */ = {
			isa = PBXSourcesBuildPhase;
			buildActionMask = 2147483647;
			files = (
				A892A8431C15345300A24C9E /* Null___UITests.m in Sources */,
			);
			runOnlyForDeploymentPostprocessing = 0;
		};
/* End PBXSourcesBuildPhase section */

/* Begin PBXTargetDependency section */
		A892A8351C15345300A24C9E /* PBXTargetDependency */ = {
			isa = PBXTargetDependency;
			target = A892A8191C15345200A24C9E /* Null的区别 */;
			targetProxy = A892A8341C15345300A24C9E /* PBXContainerItemProxy */;
		};
		A892A8401C15345300A24C9E /* PBXTargetDependency */ = {
			isa = PBXTargetDependency;
			target = A892A8191C15345200A24C9E /* Null的区别 */;
			targetProxy = A892A83F1C15345300A24C9E /* PBXContainerItemProxy */;
		};
/* End PBXTargetDependency section */

/* Begin PBXVariantGroup section */
		A892A8261C15345200A24C9E /* Main.storyboard */ = {
			isa = PBXVariantGroup;
			children = (
				A892A8271C15345200A24C9E /* Base */,
			);
			name = Main.storyboard;
			sourceTree = "<group>";
		};
		A892A82B1C15345200A24C9E /* LaunchScreen.storyboard */ = {
			isa = PBXVariantGroup;
			children = (
				A892A82C1C15345200A24C9E /* Base */,
			);
			name = LaunchScreen.storyboard;
			sourceTree = "<group>";
		};
/* End PBXVariantGroup section */

/* Begin XCBuildConfiguration section */
		A892A8451C15345300A24C9E /* Debug */ = {
			isa = XCBuildConfiguration;
			buildSettings = {
				ALWAYS_SEARCH_USER_PATHS = NO;
				CLANG_CXX_LANGUAGE_STANDARD = "gnu++0x";
				CLANG_CXX_LIBRARY = "libc++";
				CLANG_ENABLE_MODULES = YES;
				CLANG_ENABLE_OBJC_ARC = YES;
				CLANG_WARN_BOOL_CONVERSION = YES;
				CLANG_WARN_CONSTANT_CONVERSION = YES;
				CLANG_WARN_DIRECT_OBJC_ISA_USAGE = YES_ERROR;
				CLANG_WARN_EMPTY_BODY = YES;
				CLANG_WARN_ENUM_CONVERSION = YES;
				CLANG_WARN_INT_CONVERSION = YES;
				CLANG_WARN_OBJC_ROOT_CLASS = YES_ERROR;
				CLANG_WARN_UNREACHABLE_CODE = YES;
				CLANG_WARN__DUPLICATE_METHOD_MATCH = YES;
				"CODE_SIGN_IDENTITY[sdk=iphoneos*]" = "iPhone Developer";
				COPY_PHASE_STRIP = NO;
				DEBUG_INFORMATION_FORMAT = dwarf;
				ENABLE_STRICT_OBJC_MSGSEND = YES;
				ENABLE_TESTABILITY = YES;
				GCC_C_LANGUAGE_STANDARD = gnu99;
				GCC_DYNAMIC_NO_PIC = NO;
				GCC_NO_COMMON_BLOCKS = YES;
				GCC_OPTIMIZATION_LEVEL = 0;
				GCC_PREPROCESSOR_DEFINITIONS = (
					"DEBUG=1",
					"$(inherited)",
				);
				GCC_WARN_64_TO_32_BIT_CONVERSION = YES;
				GCC_WARN_ABOUT_RETURN_TYPE = YES_ERROR;
				GCC_WARN_UNDECLARED_SELECTOR = YES;
				GCC_WARN_UNINITIALIZED_AUTOS = YES_AGGRESSIVE;
				GCC_WARN_UNUSED_FUNCTION = YES;
				GCC_WARN_UNUSED_VARIABLE = YES;
				IPHONEOS_DEPLOYMENT_TARGET = 9.1;
				MTL_ENABLE_DEBUG_INFO = YES;
				ONLY_ACTIVE_ARCH = YES;
				SDKROOT = iphoneos;
			};
			name = Debug;
		};
		A892A8461C15345300A24C9E /* Release */ = {
			isa = XCBuildConfiguration;
			buildSettings = {
				ALWAYS_SEARCH_USER_PATHS = NO;
				CLANG_CXX_LANGUAGE_STANDARD = "gnu++0x";
				CLANG_CXX_LIBRARY = "libc++";
				CLANG_ENABLE_MODULES = YES;
				CLANG_ENABLE_OBJC_ARC = YES;
				CLANG_WARN_BOOL_CONVERSION = YES;
				CLANG_WARN_CONSTANT_CONVERSION = YES;
				CLANG_WARN_DIRECT_OBJC_ISA_USAGE = YES_ERROR;
				CLANG_WARN_EMPTY_BODY = YES;
				CLANG_WARN_ENUM_CONVERSION = YES;
				CLANG_WARN_INT_CONVERSION = YES;
				CLANG_WARN_OBJC_ROOT_CLASS = YES_ERROR;
				CLANG_WARN_UNREACHABLE_CODE = YES;
				CLANG_WARN__DUPLICATE_METHOD_MATCH = YES;
				"CODE_SIGN_IDENTITY[sdk=iphoneos*]" = "iPhone Developer";
				COPY_PHASE_STRIP = NO;
				DEBUG_INFORMATION_FORMAT = "dwarf-with-dsym";
				ENABLE_NS_ASSERTIONS = NO;
				ENABLE_STRICT_OBJC_MSGSEND = YES;
				GCC_C_LANGUAGE_STANDARD = gnu99;
				GCC_NO_COMMON_BLOCKS = YES;
				GCC_WARN_64_TO_32_BIT_CONVERSION = YES;
				GCC_WARN_ABOUT_RETURN_TYPE = YES_ERROR;
				GCC_WARN_UNDECLARED_SELECTOR = YES;
				GCC_WARN_UNINITIALIZED_AUTOS = YES_AGGRESSIVE;
				GCC_WARN_UNUSED_FUNCTION = YES;
				GCC_WARN_UNUSED_VARIABLE = YES;
				IPHONEOS_DEPLOYMENT_TARGET = 9.1;
				MTL_ENABLE_DEBUG_INFO = NO;
				SDKROOT = iphoneos;
				VALIDATE_PRODUCT = YES;
			};
			name = Release;
		};
		A892A8481C15345300A24C9E /* Debug */ = {
			isa = XCBuildConfiguration;
			buildSettings = {
				ASSETCATALOG_COMPILER_APPICON_NAME = AppIcon;
				INFOPLIST_FILE = "Null的区别/Info.plist";
				LD_RUNPATH_SEARCH_PATHS = "$(inherited) @executable_path/Frameworks";
				PRODUCT_BUNDLE_IDENTIFIER = "com.tingwin.Null---";
				PRODUCT_NAME = "$(TARGET_NAME)";
			};
			name = Debug;
		};
		A892A8491C15345300A24C9E /* Release */ = {
			isa = XCBuildConfiguration;
			buildSettings = {
				ASSETCATALOG_COMPILER_APPICON_NAME = AppIcon;
				INFOPLIST_FILE = "Null的区别/Info.plist";
				LD_RUNPATH_SEARCH_PATHS = "$(inherited) @executable_path/Frameworks";
				PRODUCT_BUNDLE_IDENTIFIER = "com.tingwin.Null---";
				PRODUCT_NAME = "$(TARGET_NAME)";
			};
			name = Release;
		};
		A892A84B1C15345300A24C9E /* Debug */ = {
			isa = XCBuildConfiguration;
			buildSettings = {
				BUNDLE_LOADER = "$(TEST_HOST)";
				INFOPLIST_FILE = "Null的区别Tests/Info.plist";
				LD_RUNPATH_SEARCH_PATHS = "$(inherited) @executable_path/Frameworks @loader_path/Frameworks";
				PRODUCT_BUNDLE_IDENTIFIER = "com.tingwin.Null---Tests";
				PRODUCT_NAME = "$(TARGET_NAME)";
				TEST_HOST = "$(BUILT_PRODUCTS_DIR)/Null的区别.app/Null的区别";
			};
			name = Debug;
		};
		A892A84C1C15345300A24C9E /* Release */ = {
			isa = XCBuildConfiguration;
			buildSettings = {
				BUNDLE_LOADER = "$(TEST_HOST)";
				INFOPLIST_FILE = "Null的区别Tests/Info.plist";
				LD_RUNPATH_SEARCH_PATHS = "$(inherited) @executable_path/Frameworks @loader_path/Frameworks";
				PRODUCT_BUNDLE_IDENTIFIER = "com.tingwin.Null---Tests";
				PRODUCT_NAME = "$(TARGET_NAME)";
				TEST_HOST = "$(BUILT_PRODUCTS_DIR)/Null的区别.app/Null的区别";
			};
			name = Release;
		};
		A892A84E1C15345300A24C9E /* Debug */ = {
			isa = XCBuildConfiguration;
			buildSettings = {
				INFOPLIST_FILE = "Null的区别UITests/Info.plist";
				LD_RUNPATH_SEARCH_PATHS = "$(inherited) @executable_path/Frameworks @loader_path/Frameworks";
				PRODUCT_BUNDLE_IDENTIFIER = "com.tingwin.Null---UITests";
				PRODUCT_NAME = "$(TARGET_NAME)";
				TEST_TARGET_NAME = "Null的区别";
				USES_XCTRUNNER = YES;
			};
			name = Debug;
		};
		A892A84F1C15345300A24C9E /* Release */ = {
			isa = XCBuildConfiguration;
			buildSettings = {
				INFOPLIST_FILE = "Null的区别UITests/Info.plist";
				LD_RUNPATH_SEARCH_PATHS = "$(inherited) @executable_path/Frameworks @loader_path/Frameworks";
				PRODUCT_BUNDLE_IDENTIFIER = "com.tingwin.Null---UITests";
				PRODUCT_NAME = "$(TARGET_NAME)";
				TEST_TARGET_NAME = "Null的区别";
				USES_XCTRUNNER = YES;
			};
			name = Release;
		};
/* End XCBuildConfiguration section */

/* Begin XCConfigurationList section */
		A892A8151C15345200A24C9E /* Build configuration list for PBXProject "Null的区别" */ = {
			isa = XCConfigurationList;
			buildConfigurations = (
				A892A8451C15345300A24C9E /* Debug */,
				A892A8461C15345300A24C9E /* Release */,
			);
			defaultConfigurationIsVisible = 0;
			defaultConfigurationName = Release;
		};
		A892A8471C15345300A24C9E /* Build configuration list for PBXNativeTarget "Null的区别" */ = {
			isa = XCConfigurationList;
			buildConfigurations = (
				A892A8481C15345300A24C9E /* Debug */,
				A892A8491C15345300A24C9E /* Release */,
			);
			defaultConfigurationIsVisible = 0;
		};
		A892A84A1C15345300A24C9E /* Build configuration list for PBXNativeTarget "Null的区别Tests" */ = {
			isa = XCConfigurationList;
			buildConfigurations = (
				A892A84B1C15345300A24C9E /* Debug */,
				A892A84C1C15345300A24C9E /* Release */,
			);
			defaultConfigurationIsVisible = 0;
		};
		A892A84D1C15345300A24C9E /* Build configuration list for PBXNativeTarget "Null的区别UITests" */ = {
			isa = XCConfigurationList;
			buildConfigurations = (
				A892A84E1C15345300A24C9E /* Debug */,
				A892A84F1C15345300A24C9E /* Release */,
			);
			defaultConfigurationIsVisible = 0;
		};
/* End XCConfigurationList section */
	};
	rootObject = A892A8121C15345200A24C9E /* Project object */;
}
